
Microsoft Visual Studio Solution File, Format Version 12.00
# Visual Studio Version 16
VisualStudioVersion = 16.0.31005.135
MinimumVisualStudioVersion = 10.0.40219.1
Project("{9092AA53-FB77-4645-B42D-1CCCA6BD08BD}") = "NodejsConsoleAppTest", "NodejsConsoleAppTest\NodejsConsoleAppTest.njsproj", "{B74F1BF5-8A40-4251-898D-EA33BA001B08}"
EndProject
Global
	GlobalSection(SolutionConfigurationPlatforms) = preSolution
		Debug|Any CPU = Debug|Any CPU
		Release|Any CPU = Release|Any CPU
	EndGlobalSection
	GlobalSection(ProjectConfigurationPlatforms) = postSolution
		{B74F1BF5-8A40-4251-898D-EA33BA001B08}.Debug|Any CPU.ActiveCfg = Debug|Any CPU
		{B74F1BF5-8A40-4251-898D-EA33BA001B08}.Debug|Any CPU.Build.0 = Debug|Any CPU
		{B74F1BF5-8A40-4251-898D-EA33BA001B08}.Release|Any CPU.ActiveCfg = Release|Any CPU
		{B74F1BF5-8A40-4251-898D-EA33BA001B08}.Release|Any CPU.Build.0 = Release|Any CPU
	EndGlobalSection
	GlobalSection(SolutionProperties) = preSolution
		HideSolutionNode = FALSE
	EndGlobalSection
	GlobalSection(ExtensibilityGlobals) = postSolution
		SolutionGuid = {5C7A6845-E5F2-4007-822C-FE8CF93E275F}
	EndGlobalSection
EndGlobal
